
Microsoft Visual Studio Solution File, Format Version 12.00
# Visual Studio Version 17
VisualStudioVersion = 17.14.36408.4 d17.14
MinimumVisualStudioVersion = 10.0.40219.1
Project("{FAE04EC0-301F-11D3-BF4B-00C04F79EFBC}") = "ImageService", "ImageService.csproj", "{B472B00B-667F-FAEF-F47B-AD08589C3FC5}"
EndProject
Global
	GlobalSection(SolutionConfigurationPlatforms) = preSolution
		Debug|Any CPU = Debug|Any CPU
		Release|Any CPU = Release|Any CPU
	EndGlobalSection
	GlobalSection(ProjectConfigurationPlatforms) = postSolution
		{B472B00B-667F-FAEF-F47B-AD08589C3FC5}.Debug|Any CPU.ActiveCfg = Debug|Any CPU
		{B472B00B-667F-FAEF-F47B-AD08589C3FC5}.Debug|Any CPU.Build.0 = Debug|Any CPU
		{B472B00B-667F-FAEF-F47B-AD08589C3FC5}.Release|Any CPU.ActiveCfg = Release|Any CPU
		{B472B00B-667F-FAEF-F47B-AD08589C3FC5}.Release|Any CPU.Build.0 = Release|Any CPU
	EndGlobalSection
	GlobalSection(SolutionProperties) = preSolution
		HideSolutionNode = FALSE
	EndGlobalSection
	GlobalSection(ExtensibilityGlobals) = postSolution
		SolutionGuid = {C979BE4D-D333-4B6A-9F98-10D17FF56517}
	EndGlobalSection
EndGlobal
